
Microsoft Visual Studio Solution File, Format Version 12.00
# Visual Studio Version 16
VisualStudioVersion = 16.0.30225.117
MinimumVisualStudioVersion = 10.0.40219.1
Project("{9A19103F-16F7-4668-BE54-9A1E7A4F7556}") = "AutoMessage", "AutoMessage\AutoMessage.csproj", "{94621E00-1C5A-4116-B2C0-65E2D6FE39F6}"
EndProject
Project("{FAE04EC0-301F-11D3-BF4B-00C04F79EFBC}") = "AutoMessage.Tests", "AutoMessage.Tests\AutoMessage.Tests.csproj", "{88D73EC8-F1D7-4BC4-9FEE-EBE8AF66BAA5}"
EndProject
Global
	GlobalSection(SolutionConfigurationPlatforms) = preSolution
		Debug|Any CPU = Debug|Any CPU
		Release|Any CPU = Release|Any CPU
	EndGlobalSection
	GlobalSection(ProjectConfigurationPlatforms) = postSolution
		{94621E00-1C5A-4116-B2C0-65E2D6FE39F6}.Debug|Any CPU.ActiveCfg = Debug|Any CPU
		{94621E00-1C5A-4116-B2C0-65E2D6FE39F6}.Debug|Any CPU.Build.0 = Debug|Any CPU
		{94621E00-1C5A-4116-B2C0-65E2D6FE39F6}.Release|Any CPU.ActiveCfg = Release|Any CPU
		{94621E00-1C5A-4116-B2C0-65E2D6FE39F6}.Release|Any CPU.Build.0 = Release|Any CPU
		{88D73EC8-F1D7-4BC4-9FEE-EBE8AF66BAA5}.Debug|Any CPU.ActiveCfg = Debug|Any CPU
		{88D73EC8-F1D7-4BC4-9FEE-EBE8AF66BAA5}.Debug|Any CPU.Build.0 = Debug|Any CPU
		{88D73EC8-F1D7-4BC4-9FEE-EBE8AF66BAA5}.Release|Any CPU.ActiveCfg = Release|Any CPU
		{88D73EC8-F1D7-4BC4-9FEE-EBE8AF66BAA5}.Release|Any CPU.Build.0 = Release|Any CPU
	EndGlobalSection
	GlobalSection(SolutionProperties) = preSolution
		HideSolutionNode = FALSE
	EndGlobalSection
	GlobalSection(ExtensibilityGlobals) = postSolution
		SolutionGuid = {E5DFB6EF-3BEC-4EB8-83F5-74864535BB4B}
	EndGlobalSection
EndGlobal
